schema: '2.0'
stages:
  prepare:
    cmd: python src/models_training/prepare.py data/salary_for_training/full_data_set.csv  data/salary_for_training/prepared
    deps:
    - path: data/salary_for_training/full_data_set.csv
      md5: cc2880d6e7f69f9d71d7f3243fa73518
      size: 9510913
    - path: src/models_training/prepare.py
      md5: bd5536859714ee3b42ea6fdd9a2d2335
      size: 1358
    params:
      params.yaml:
        prepare.seed: 20170428
        prepare.train_split: 0.8
    outs:
    - path: data/salary_for_training/prepared
      md5: 6473c7a938de647ff441f19d89ab17e7.dir
      size: 12492943
      nfiles: 2
  prepare_fdp:
    cmd: python -m src.models_training.prepare data_dvc/salary/full_data_set.csv  data_dvc/salary/prepared
    deps:
    - path: data_dvc/salary/full_data_set.csv
      md5: 0256f85148aac849c82dd349b7df2633
      size: 9510913
    - path: src/models_training/prepare.py
      md5: 0b4e07f1f2cfbea12ca3e9a134dde033
      size: 1499
    params:
      params.yaml:
        prepare.debug: false
        prepare.seed: 42
        prepare.train_split: 0.8
    outs:
    - path: data_dvc/salary/prepared
      md5: 0f277dae0ad4ed4253b4681ebe23331f.dir
      size: 12425044
      nfiles: 2
  featurize_fdp:
    cmd: python -m src.models_training.featurization data_dvc/salary/prepared  data_dvc/salary/features
      featurize_fdp
    deps:
    - path: data_dvc/salary/prepared
      md5: 0f277dae0ad4ed4253b4681ebe23331f.dir
      size: 12425044
      nfiles: 2
    - path: src/augmentation
      md5: 2809293a799a62a4dee1785a927b7efe.dir
      size: 8573
      nfiles: 5
    - path: src/models_training/featurization.py
      md5: c3ae75a6d32bf3d1e13c3039e6a931a7
      size: 3024
    - path: src/preprocessing
      md5: 7c4935d275268bfc3f21ff6092d62a8d.dir
      size: 3281825
      nfiles: 10
    params:
      params.yaml:
        featurize_fdp.data_augmentation: true
    outs:
    - path: data_dvc/salary/features
      md5: d28ed8858b65fd3c9081c1e79ec38982.dir
      size: 1123912386
      nfiles: 2
  train_fpd:
    cmd: python -m src.models_training.train data/salary_for_training/features fdp.json
      model/fdp
    deps:
    - path: data/salary_for_training/features
      md5: 005cba8c397903b2d0b4a30302ec2f0b.dir
      size: 1125716330
      nfiles: 1
    - path: src/models_training/train.py
      md5: bf5f36a3164f84e7ad5fbb8963fa08d6
      size: 3181
    - path: src/models_training/utils.py
      md5: 4efa540f2e168d86dc08005299021556
      size: 844
    params:
      params.yaml:
        train.n_estimators: 200
        train.n_iter: 100
        train.optimize: true
    outs:
    - path: model/fdp
      md5: c233dc66b513341bae6f6537d8ad37ac.dir
      size: 12166376
      nfiles: 5
  prepare_cni:
    cmd: python -m src.models_training.prepare data_dvc/cni_recto/full_data_set.csv  data_dvc/cni_recto/prepared
    deps:
    - path: data_dvc/cni_recto/full_data_set.csv
      md5: dc555776d6ed00338d5b6818fc7bd36f
      size: 1413091
    - path: src/models_training/prepare.py
      md5: 0b4e07f1f2cfbea12ca3e9a134dde033
      size: 1499
    params:
      params.yaml:
        prepare.debug: false
        prepare.seed: 42
        prepare.train_split: 0.8
    outs:
    - path: data_dvc/cni_recto/prepared
      md5: 23c0ff7c84a61bc02574446ed5353611.dir
      size: 1866552
      nfiles: 2
  featurize_cni:
    cmd: python -m src.models_training.featurization data_dvc/cni_recto/prepared  data_dvc/cni_recto/features
      featurize_cni
    deps:
    - path: data_dvc/cni_recto/prepared
      md5: 23c0ff7c84a61bc02574446ed5353611.dir
      size: 1876489
      nfiles: 2
    - path: src/augmentation
      md5: 4e08bb479376d4295b805525150f527a.dir
      size: 13211
      nfiles: 7
    - path: src/models_training/featurization.py
      md5: c3ae75a6d32bf3d1e13c3039e6a931a7
      size: 3106
    - path: src/preprocessing
      md5: c242a87ae5bb7b2fa3f3360ed06bb5e8.dir
      size: 3549276
      nfiles: 14
    params:
      params.yaml:
        featurize_cni.data_augmentation: false
    outs:
    - path: data_dvc/cni_recto/features
      md5: 38fd7b18c0d9d735f7c69133d69485a1.dir
      size: 9282675
      nfiles: 2
  train_fdp:
    cmd: python -m src.models_training.train data_dvc/salary/features data_dvc/salary/scheme.json
      data_dvc/salary/model train_fdp
    deps:
    - path: data_dvc/salary/features
      md5: d28ed8858b65fd3c9081c1e79ec38982.dir
      size: 1123912386
      nfiles: 2
    - path: data_dvc/salary/scheme.json
      md5: 13c424e30841b81c7745436a75440531
      size: 448
    - path: src/models_training/train.py
      md5: 7db82fc3b1fde752b9f35b49d24565be
      size: 3578
    - path: src/models_training/utils.py
      md5: c61771e89d03f7402af588313fdf93db
      size: 1585
    params:
      params.yaml:
        train_fdp.learning_rate: 0.06
        train_fdp.max_depth: 65
        train_fdp.max_leaf_nodes: 60
        train_fdp.n_estimators: 200
        train_fdp.n_iter: 50
        train_fdp.optimize: false
    outs:
    - path: data_dvc/salary/model
      md5: f12400a09b27e731c6ca3eeaabd785d6.dir
      size: 7052828
      nfiles: 5
  eval_fdp:
    cmd: python -m src.models_training.eval data_dvc/salary/features data_dvc/salary/scheme.json
      data_dvc/salary/model data_dvc/salary/results
    deps:
    - path: data_dvc/salary/features
      md5: d28ed8858b65fd3c9081c1e79ec38982.dir
      size: 1123912386
      nfiles: 2
    - path: data_dvc/salary/model
      md5: f12400a09b27e731c6ca3eeaabd785d6.dir
      size: 7052828
      nfiles: 5
    - path: data_dvc/salary/scheme.json
      md5: 13c424e30841b81c7745436a75440531
      size: 448
    - path: src/models_training/eval.py
      md5: acc8a1ac1f7ecec6039a213f3ad722cd
      size: 2031
    - path: src/models_training/utils.py
      md5: c61771e89d03f7402af588313fdf93db
      size: 1585
    outs:
    - path: data_dvc/salary/results/results.json
      md5: 310c75b605c52524a5eb392563ab7c79
      size: 219
  train_cni:
    cmd: python -m src.models_training.train data_dvc/cni_recto/features data_dvc/cni_recto/scheme.json
      data_dvc/cni_recto/model train_cni
    deps:
    - path: data_dvc/cni_recto/features
      md5: 38fd7b18c0d9d735f7c69133d69485a1.dir
      size: 9282675
      nfiles: 2
    - path: data_dvc/cni_recto/scheme.json
      md5: fc09dc8b7dbce83baa7b9f52718b94e5
      size: 285
    - path: src/models_training/train.py
      md5: 4757835e6d98275d98a374cc1c430ac6
      size: 3545
    - path: src/models_training/utils.py
      md5: 84f6f9b5912986052a50cfbdf6f400ea
      size: 1875
    params:
      params.yaml:
        train_cni.learning_rate: 0.2
        train_cni.max_depth: 3
        train_cni.max_leaf_nodes: 12
        train_cni.n_estimators: 200
        train_cni.n_iter: 50
        train_cni.optimize: false
    outs:
    - path: data_dvc/cni_recto/model
      md5: 162bd7a308cd0294bab9398acd5fa476.dir
      size: 412762
      nfiles: 3
  eval_cni:
    cmd: python -m src.models_training.eval data_dvc/cni_recto/features data_dvc/cni_recto/scheme.json
      data_dvc/cni_recto/model data_dvc/cni_recto/results
    deps:
    - path: data_dvc/cni_recto/features
      md5: 8f6fbb68dd95bea288e4dbff8387765b.dir
      size: 9282829
      nfiles: 2
    - path: data_dvc/cni_recto/model
      md5: 0963a14fd127400b93e8f5597ec66d8f.dir
      size: 406737
      nfiles: 3
    - path: data_dvc/cni_recto/scheme.json
      md5: fc09dc8b7dbce83baa7b9f52718b94e5
      size: 285
    - path: src/models_training/eval.py
      md5: acc8a1ac1f7ecec6039a213f3ad722cd
      size: 2031
    - path: src/models_training/utils.py
      md5: c61771e89d03f7402af588313fdf93db
      size: 1585
    outs:
    - path: data_dvc/cni_recto/results/results.json
      md5: cf160b56c2dbc84f4ef69c0aed149dc7
      size: 145
